
Microsoft Visual Studio Solution File, Format Version 12.00
# Visual Studio 15
VisualStudioVersion = 15.0.27703.2026
MinimumVisualStudioVersion = 10.0.40219.1
Project("{8BC9CEB8-8B4A-11D0-8D11-00A0C91BC942}") = "CommentConvert", "CommentConvert\CommentConvert.vcxproj", "{48AD492F-6B06-4DA1-AD2D-C77F9C71AA72}"
EndProject
Global
	GlobalSection(SolutionConfigurationPlatforms) = preSolution
		Debug|x64 = Debug|x64
		Debug|x86 = Debug|x86
		Release|x64 = Release|x64
		Release|x86 = Release|x86
	EndGlobalSection
	GlobalSection(ProjectConfigurationPlatforms) = postSolution
		{48AD492F-6B06-4DA1-AD2D-C77F9C71AA72}.Debug|x64.ActiveCfg = Debug|x64
		{48AD492F-6B06-4DA1-AD2D-C77F9C71AA72}.Debug|x64.Build.0 = Debug|x64
		{48AD492F-6B06-4DA1-AD2D-C77F9C71AA72}.Debug|x86.ActiveCfg = Debug|Win32
		{48AD492F-6B06-4DA1-AD2D-C77F9C71AA72}.Debug|x86.Build.0 = Debug|Win32
		{48AD492F-6B06-4DA1-AD2D-C77F9C71AA72}.Release|x64.ActiveCfg = Release|x64
		{48AD492F-6B06-4DA1-AD2D-C77F9C71AA72}.Release|x64.Build.0 = Release|x64
		{48AD492F-6B06-4DA1-AD2D-C77F9C71AA72}.Release|x86.ActiveCfg = Release|Win32
		{48AD492F-6B06-4DA1-AD2D-C77F9C71AA72}.Release|x86.Build.0 = Release|Win32
	EndGlobalSection
	GlobalSection(SolutionProperties) = preSolution
		HideSolutionNode = FALSE
	EndGlobalSection
	GlobalSection(ExtensibilityGlobals) = postSolution
		SolutionGuid = {3822CDE3-6816-452A-B045-99144DE8F845}
	EndGlobalSection
EndGlobal
